// !$*UTF8*$!
{
	archiveVersion = 1;
	classes = {
	};
	objectVersion = 55;
	objects = {

/* Begin PBXBuildFile section */
		657844FE27DF6A2300837519 /* MRC_BaseList.swift in Sources */ = {isa = PBXBuildFile; fileRef = 657844FD27DF6A2200837519 /* MRC_BaseList.swift */; };
		6578450227DF6F5000837519 /* MRC_InheritVc.swift in Sources */ = {isa = PBXBuildFile; fileRef = 6578450127DF6F5000837519 /* MRC_InheritVc.swift */; };
		65DE5FAD27DB7481001D9F03 /* AppDelegate.swift in Sources */ = {isa = PBXBuildFile; fileRef = 65DE5FAC27DB7481001D9F03 /* AppDelegate.swift */; };
		65DE5FAF27DB7481001D9F03 /* SceneDelegate.swift in Sources */ = {isa = PBXBuildFile; fileRef = 65DE5FAE27DB7481001D9F03 /* SceneDelegate.swift */; };
		65DE5FB127DB7481001D9F03 /* ViewController.swift in Sources */ = {isa = PBXBuildFile; fileRef = 65DE5FB027DB7481001D9F03 /* ViewController.swift */; };
		65DE5FB427DB7481001D9F03 /* Main.storyboard in Resources */ = {isa = PBXBuildFile; fileRef = 65DE5FB227DB7481001D9F03 /* Main.storyboard */; };
		65DE5FB627DB7483001D9F03 /* Assets.xcassets in Resources */ = {isa = PBXBuildFile; fileRef = 65DE5FB527DB7483001D9F03 /* Assets.xcassets */; };
		65DE5FB927DB7483001D9F03 /* LaunchScreen.storyboard in Resources */ = {isa = PBXBuildFile; fileRef = 65DE5FB727DB7483001D9F03 /* LaunchScreen.storyboard */; };
		65DE5FC427DB7483001D9F03 /* OpenColseListTests.swift in Sources */ = {isa = PBXBuildFile; fileRef = 65DE5FC327DB7483001D9F03 /* OpenColseListTests.swift */; };
		65DE5FCE27DB7483001D9F03 /* OpenColseListUITests.swift in Sources */ = {isa = PBXBuildFile; fileRef = 65DE5FCD27DB7483001D9F03 /* OpenColseListUITests.swift */; };
		65DE5FD027DB7483001D9F03 /* OpenColseListUITestsLaunchTests.swift in Sources */ = {isa = PBXBuildFile; fileRef = 65DE5FCF27DB7483001D9F03 /* OpenColseListUITestsLaunchTests.swift */; };
		65DE5FE227DB77C7001D9F03 /* MRC_ItemCell.swift in Sources */ = {isa = PBXBuildFile; fileRef = 65DE5FE027DB77C7001D9F03 /* MRC_ItemCell.swift */; };
		65DE5FE327DB77C7001D9F03 /* MRC_ItemCell.xib in Resources */ = {isa = PBXBuildFile; fileRef = 65DE5FE127DB77C7001D9F03 /* MRC_ItemCell.xib */; };
		65DE5FE527DB77DB001D9F03 /* MRC_Model.swift in Sources */ = {isa = PBXBuildFile; fileRef = 65DE5FE427DB77DB001D9F03 /* MRC_Model.swift */; };
/* End PBXBuildFile section */

/* Begin PBXContainerItemProxy section */
		65DE5FC027DB7483001D9F03 /* PBXContainerItemProxy */ = {
			isa = PBXContainerItemProxy;
			containerPortal = 65DE5FA127DB7481001D9F03 /* Project object */;
			proxyType = 1;
			remoteGlobalIDString = 65DE5FA827DB7481001D9F03;
			remoteInfo = OpenColseList;
		};
		65DE5FCA27DB7483001D9F03 /* PBXContainerItemProxy */ = {
			isa = PBXContainerItemProxy;
			containerPortal = 65DE5FA127DB7481001D9F03 /* Project object */;
			proxyType = 1;
			remoteGlobalIDString = 65DE5FA827DB7481001D9F03;
			remoteInfo = OpenColseList;
		};
/* End PBXContainerItemProxy section */

/* Begin PBXFileReference section */
		657844FD27DF6A2200837519 /* MRC_BaseList.swift */ = {isa = PBXFileReference; lastKnownFileType = sourcecode.swift; path = MRC_BaseList.swift; sourceTree = "<group>"; };
		6578450127DF6F5000837519 /* MRC_InheritVc.swift */ = {isa = PBXFileReference; lastKnownFileType = sourcecode.swift; path = MRC_InheritVc.swift; sourceTree = "<group>"; };
		65DE5FA927DB7481001D9F03 /* OpenColseList.app */ = {isa = PBXFileReference; explicitFileType = wrapper.application; includeInIndex = 0; path = OpenColseList.app; sourceTree = BUILT_PRODUCTS_DIR; };
		65DE5FAC27DB7481001D9F03 /* AppDelegate.swift */ = {isa = PBXFileReference; lastKnownFileType = sourcecode.swift; path = AppDelegate.swift; sourceTree = "<group>"; };
		65DE5FAE27DB7481001D9F03 /* SceneDelegate.swift */ = {isa = PBXFileReference; lastKnownFileType = sourcecode.swift; path = SceneDelegate.swift; sourceTree = "<group>"; };
		65DE5FB027DB7481001D9F03 /* ViewController.swift */ = {isa = PBXFileReference; lastKnownFileType = sourcecode.swift; path = ViewController.swift; sourceTree = "<group>"; };
		65DE5FB327DB7481001D9F03 /* Base */ = {isa = PBXFileReference; lastKnownFileType = file.storyboard; name = Base; path = Base.lproj/Main.storyboard; sourceTree = "<group>"; };
		65DE5FB527DB7483001D9F03 /* Assets.xcassets */ = {isa = PBXFileReference; lastKnownFileType = folder.assetcatalog; path = Assets.xcassets; sourceTree = "<group>"; };
		65DE5FB827DB7483001D9F03 /* Base */ = {isa = PBXFileReference; lastKnownFileType = file.storyboard; name = Base; path = Base.lproj/LaunchScreen.storyboard; sourceTree = "<group>"; };
		65DE5FBA27DB7483001D9F03 /* Info.plist */ = {isa = PBXFileReference; lastKnownFileType = text.plist.xml; path = Info.plist; sourceTree = "<group>"; };
		65DE5FBF27DB7483001D9F03 /* OpenColseListTests.xctest */ = {isa = PBXFileReference; explicitFileType = wrapper.cfbundle; includeInIndex = 0; path = OpenColseListTests.xctest; sourceTree = BUILT_PRODUCTS_DIR; };
		65DE5FC327DB7483001D9F03 /* OpenColseListTests.swift */ = {isa = PBXFileReference; lastKnownFileType = sourcecode.swift; path = OpenColseListTests.swift; sourceTree = "<group>"; };
		65DE5FC927DB7483001D9F03 /* OpenColseListUITests.xctest */ = {isa = PBXFileReference; explicitFileType = wrapper.cfbundle; includeInIndex = 0; path = OpenColseListUITests.xctest; sourceTree = BUILT_PRODUCTS_DIR; };
		65DE5FCD27DB7483001D9F03 /* OpenColseListUITests.swift */ = {isa = PBXFileReference; lastKnownFileType = sourcecode.swift; path = OpenColseListUITests.swift; sourceTree = "<group>"; };
		65DE5FCF27DB7483001D9F03 /* OpenColseListUITestsLaunchTests.swift */ = {isa = PBXFileReference; lastKnownFileType = sourcecode.swift; path = OpenColseListUITestsLaunchTests.swift; sourceTree = "<group>"; };
		65DE5FE027DB77C7001D9F03 /* MRC_ItemCell.swift */ = {isa = PBXFileReference; lastKnownFileType = sourcecode.swift; path = MRC_ItemCell.swift; sourceTree = "<group>"; };
		65DE5FE127DB77C7001D9F03 /* MRC_ItemCell.xib */ = {isa = PBXFileReference; lastKnownFileType = file.xib; path = MRC_ItemCell.xib; sourceTree = "<group>"; };
		65DE5FE427DB77DB001D9F03 /* MRC_Model.swift */ = {isa = PBXFileReference; lastKnownFileType = sourcecode.swift; path = MRC_Model.swift; sourceTree = "<group>"; };
/* End PBXFileReference section */

/* Begin PBXFrameworksBuildPhase section */
		65DE5FA627DB7481001D9F03 /* Frameworks */ = {
			isa = PBXFrameworksBuildPhase;
			buildActionMask = 2147483647;
			files = (
			);
			runOnlyForDeploymentPostprocessing = 0;
		};
		65DE5FBC27DB7483001D9F03 /* Frameworks */ = {
			isa = PBXFrameworksBuildPhase;
			buildActionMask = 2147483647;
			files = (
			);
			runOnlyForDeploymentPostprocessing = 0;
		};
		65DE5FC627DB7483001D9F03 /* Frameworks */ = {
			isa = PBXFrameworksBuildPhase;
			buildActionMask = 2147483647;
			files = (
			);
			runOnlyForDeploymentPostprocessing = 0;
		};
/* End PBXFrameworksBuildPhase section */

/* Begin PBXGroup section */
		657844FC27DF69F400837519 /* vc */ = {
			isa = PBXGroup;
			children = (
				657844FD27DF6A2200837519 /* MRC_BaseList.swift */,
			);
			path = vc;
			sourceTree = "<group>";
		};
		65DE5FA027DB7481001D9F03 = {
			isa = PBXGroup;
			children = (
				65DE5FAB27DB7481001D9F03 /* OpenColseList */,
				65DE5FC227DB7483001D9F03 /* OpenColseListTests */,
				65DE5FCC27DB7483001D9F03 /* OpenColseListUITests */,
				65DE5FAA27DB7481001D9F03 /* Products */,
			);
			sourceTree = "<group>";
		};
		65DE5FAA27DB7481001D9F03 /* Products */ = {
			isa = PBXGroup;
			children = (
				65DE5FA927DB7481001D9F03 /* OpenColseList.app */,
				65DE5FBF27DB7483001D9F03 /* OpenColseListTests.xctest */,
				65DE5FC927DB7483001D9F03 /* OpenColseListUITests.xctest */,
			);
			name = Products;
			sourceTree = "<group>";
		};
		65DE5FAB27DB7481001D9F03 /* OpenColseList */ = {
			isa = PBXGroup;
			children = (
				65DE5FAC27DB7481001D9F03 /* AppDelegate.swift */,
				65DE5FAE27DB7481001D9F03 /* SceneDelegate.swift */,
				65DE5FB027DB7481001D9F03 /* ViewController.swift */,
				6578450127DF6F5000837519 /* MRC_InheritVc.swift */,
				657844FC27DF69F400837519 /* vc */,
				65DE5FDF27DB7795001D9F03 /* view */,
				65DE5FDC27DB774D001D9F03 /* model */,
				65DE5FB227DB7481001D9F03 /* Main.storyboard */,
				65DE5FB527DB7483001D9F03 /* Assets.xcassets */,
				65DE5FB727DB7483001D9F03 /* LaunchScreen.storyboard */,
				65DE5FBA27DB7483001D9F03 /* Info.plist */,
			);
			path = OpenColseList;
			sourceTree = "<group>";
		};
		65DE5FC227DB7483001D9F03 /* OpenColseListTests */ = {
			isa = PBXGroup;
			children = (
				65DE5FC327DB7483001D9F03 /* OpenColseListTests.swift */,
			);
			path = OpenColseListTests;
			sourceTree = "<group>";
		};
		65DE5FCC27DB7483001D9F03 /* OpenColseListUITests */ = {
			isa = PBXGroup;
			children = (
				65DE5FCD27DB7483001D9F03 /* OpenColseListUITests.swift */,
				65DE5FCF27DB7483001D9F03 /* OpenColseListUITestsLaunchTests.swift */,
			);
			path = OpenColseListUITests;
			sourceTree = "<group>";
		};
		65DE5FDC27DB774D001D9F03 /* model */ = {
			isa = PBXGroup;
			children = (
				65DE5FE427DB77DB001D9F03 /* MRC_Model.swift */,
			);
			path = model;
			sourceTree = "<group>";
		};
		65DE5FDF27DB7795001D9F03 /* view */ = {
			isa = PBXGroup;
			children = (
				65DE5FE027DB77C7001D9F03 /* MRC_ItemCell.swift */,
				65DE5FE127DB77C7001D9F03 /* MRC_ItemCell.xib */,
			);
			path = view;
			sourceTree = "<group>";
		};
/* End PBXGroup section */

/* Begin PBXNativeTarget section */
		65DE5FA827DB7481001D9F03 /* OpenColseList */ = {
			isa = PBXNativeTarget;
			buildConfigurationList = 65DE5FD327DB7483001D9F03 /* Build configuration list for PBXNativeTarget "OpenColseList" */;
			buildPhases = (
				65DE5FA527DB7481001D9F03 /* Sources */,
				65DE5FA627DB7481001D9F03 /* Frameworks */,
				65DE5FA727DB7481001D9F03 /* Resources */,
			);
			buildRules = (
			);
			dependencies = (
			);
			name = OpenColseList;
			productName = OpenColseList;
			productReference = 65DE5FA927DB7481001D9F03 /* OpenColseList.app */;
			productType = "com.apple.product-type.application";
		};
		65DE5FBE27DB7483001D9F03 /* OpenColseListTests */ = {
			isa = PBXNativeTarget;
			buildConfigurationList = 65DE5FD627DB7483001D9F03 /* Build configuration list for PBXNativeTarget "OpenColseListTests" */;
			buildPhases = (
				65DE5FBB27DB7483001D9F03 /* Sources */,
				65DE5FBC27DB7483001D9F03 /* Frameworks */,
				65DE5FBD27DB7483001D9F03 /* Resources */,
			);
			buildRules = (
			);
			dependencies = (
				65DE5FC127DB7483001D9F03 /* PBXTargetDependency */,
			);
			name = OpenColseListTests;
			productName = OpenColseListTests;
			productReference = 65DE5FBF27DB7483001D9F03 /* OpenColseListTests.xctest */;
			productType = "com.apple.product-type.bundle.unit-test";
		};
		65DE5FC827DB7483001D9F03 /* OpenColseListUITests */ = {
			isa = PBXNativeTarget;
			buildConfigurationList = 65DE5FD927DB7483001D9F03 /* Build configuration list for PBXNativeTarget "OpenColseListUITests" */;
			buildPhases = (
				65DE5FC527DB7483001D9F03 /* Sources */,
				65DE5FC627DB7483001D9F03 /* Frameworks */,
				65DE5FC727DB7483001D9F03 /* Resources */,
			);
			buildRules = (
			);
			dependencies = (
				65DE5FCB27DB7483001D9F03 /* PBXTargetDependency */,
			);
			name = OpenColseListUITests;
			productName = OpenColseListUITests;
			productReference = 65DE5FC927DB7483001D9F03 /* OpenColseListUITests.xctest */;
			productType = "com.apple.product-type.bundle.ui-testing";
		};
/* End PBXNativeTarget section */

/* Begin PBXProject section */
		65DE5FA127DB7481001D9F03 /* Project object */ = {
			isa = PBXProject;
			attributes = {
				BuildIndependentTargetsInParallel = 1;
				LastSwiftUpdateCheck = 1320;
				LastUpgradeCheck = 1320;
				TargetAttributes = {
					65DE5FA827DB7481001D9F03 = {
						CreatedOnToolsVersion = 13.2.1;
					};
					65DE5FBE27DB7483001D9F03 = {
						CreatedOnToolsVersion = 13.2.1;
						TestTargetID = 65DE5FA827DB7481001D9F03;
					};
					65DE5FC827DB7483001D9F03 = {
						CreatedOnToolsVersion = 13.2.1;
						TestTargetID = 65DE5FA827DB7481001D9F03;
					};
				};
			};
			buildConfigurationList = 65DE5FA427DB7481001D9F03 /* Build configuration list for PBXProject "OpenColseList" */;
			compatibilityVersion = "Xcode 13.0";
			developmentRegion = en;
			hasScannedForEncodings = 0;
			knownRegions = (
				en,
				Base,
			);
			mainGroup = 65DE5FA027DB7481001D9F03;
			productRefGroup = 65DE5FAA27DB7481001D9F03 /* Products */;
			projectDirPath = "";
			projectRoot = "";
			targets = (
				65DE5FA827DB7481001D9F03 /* OpenColseList */,
				65DE5FBE27DB7483001D9F03 /* OpenColseListTests */,
				65DE5FC827DB7483001D9F03 /* OpenColseListUITests */,
			);
		};
/* End PBXProject section */

/* Begin PBXResourcesBuildPhase section */
		65DE5FA727DB7481001D9F03 /* Resources */ = {
			isa = PBXResourcesBuildPhase;
			buildActionMask = 2147483647;
			files = (
				65DE5FB927DB7483001D9F03 /* LaunchScreen.storyboard in Resources */,
				65DE5FE327DB77C7001D9F03 /* MRC_ItemCell.xib in Resources */,
				65DE5FB627DB7483001D9F03 /* Assets.xcassets in Resources */,
				65DE5FB427DB7481001D9F03 /* Main.storyboard in Resources */,
			);
			runOnlyForDeploymentPostprocessing = 0;
		};
		65DE5FBD27DB7483001D9F03 /* Resources */ = {
			isa = PBXResourcesBuildPhase;
			buildActionMask = 2147483647;
			files = (
			);
			runOnlyForDeploymentPostprocessing = 0;
		};
		65DE5FC727DB7483001D9F03 /* Resources */ = {
			isa = PBXResourcesBuildPhase;
			buildActionMask = 2147483647;
			files = (
			);
			runOnlyForDeploymentPostprocessing = 0;
		};
/* End PBXResourcesBuildPhase section */

/* Begin PBXSourcesBuildPhase section */
		65DE5FA527DB7481001D9F03 /* Sources */ = {
			isa = PBXSourcesBuildPhase;
			buildActionMask = 2147483647;
			files = (
				6578450227DF6F5000837519 /* MRC_InheritVc.swift in Sources */,
				65DE5FE527DB77DB001D9F03 /* MRC_Model.swift in Sources */,
				657844FE27DF6A2300837519 /* MRC_BaseList.swift in Sources */,
				65DE5FB127DB7481001D9F03 /* ViewController.swift in Sources */,
				65DE5FE227DB77C7001D9F03 /* MRC_ItemCell.swift in Sources */,
				65DE5FAD27DB7481001D9F03 /* AppDelegate.swift in Sources */,
				65DE5FAF27DB7481001D9F03 /* SceneDelegate.swift in Sources */,
			);
			runOnlyForDeploymentPostprocessing = 0;
		};
		65DE5FBB27DB7483001D9F03 /* Sources */ = {
			isa = PBXSourcesBuildPhase;
			buildActionMask = 2147483647;
			files = (
				65DE5FC427DB7483001D9F03 /* OpenColseListTests.swift in Sources */,
			);
			runOnlyForDeploymentPostprocessing = 0;
		};
		65DE5FC527DB7483001D9F03 /* Sources */ = {
			isa = PBXSourcesBuildPhase;
			buildActionMask = 2147483647;
			files = (
				65DE5FCE27DB7483001D9F03 /* OpenColseListUITests.swift in Sources */,
				65DE5FD027DB7483001D9F03 /* OpenColseListUITestsLaunchTests.swift in Sources */,
			);
			runOnlyForDeploymentPostprocessing = 0;
		};
/* End PBXSourcesBuildPhase section */

/* Begin PBXTargetDependency section */
		65DE5FC127DB7483001D9F03 /* PBXTargetDependency */ = {
			isa = PBXTargetDependency;
			target = 65DE5FA827DB7481001D9F03 /* OpenColseList */;
			targetProxy = 65DE5FC027DB7483001D9F03 /* PBXContainerItemProxy */;
		};
		65DE5FCB27DB7483001D9F03 /* PBXTargetDependency */ = {
			isa = PBXTargetDependency;
			target = 65DE5FA827DB7481001D9F03 /* OpenColseList */;
			targetProxy = 65DE5FCA27DB7483001D9F03 /* PBXContainerItemProxy */;
		};
/* End PBXTargetDependency section */

/* Begin PBXVariantGroup section */
		65DE5FB227DB7481001D9F03 /* Main.storyboard */ = {
			isa = PBXVariantGroup;
			children = (
				65DE5FB327DB7481001D9F03 /* Base */,
			);
			name = Main.storyboard;
			sourceTree = "<group>";
		};
		65DE5FB727DB7483001D9F03 /* LaunchScreen.storyboard */ = {
			isa = PBXVariantGroup;
			children = (
				65DE5FB827DB7483001D9F03 /* Base */,
			);
			name = LaunchScreen.storyboard;
			sourceTree = "<group>";
		};
/* End PBXVariantGroup section */

/* Begin XCBuildConfiguration section */
		65DE5FD127DB7483001D9F03 /* Debug */ = {
			isa = XCBuildConfiguration;
			buildSettings = {
				ALWAYS_SEARCH_USER_PATHS = NO;
				CLANG_ANALYZER_NONNULL = YES;
				CLANG_ANALYZER_NUMBER_OBJECT_CONVERSION = YES_AGGRESSIVE;
				CLANG_CXX_LANGUAGE_STANDARD = "gnu++17";
				CLANG_CXX_LIBRARY = "libc++";
				CLANG_ENABLE_MODULES = YES;
				CLANG_ENABLE_OBJC_ARC = YES;
				CLANG_ENABLE_OBJC_WEAK = YES;
				CLANG_WARN_BLOCK_CAPTURE_AUTORELEASING = YES;
				CLANG_WARN_BOOL_CONVERSION = YES;
				CLANG_WARN_COMMA = YES;
				CLANG_WARN_CONSTANT_CONVERSION = YES;
				CLANG_WARN_DEPRECATED_OBJC_IMPLEMENTATIONS = YES;
				CLANG_WARN_DIRECT_OBJC_ISA_USAGE = YES_ERROR;
				CLANG_WARN_DOCUMENTATION_COMMENTS = YES;
				CLANG_WARN_EMPTY_BODY = YES;
				CLANG_WARN_ENUM_CONVERSION = YES;
				CLANG_WARN_INFINITE_RECURSION = YES;
				CLANG_WARN_INT_CONVERSION = YES;
				CLANG_WARN_NON_LITERAL_NULL_CONVERSION = YES;
				CLANG_WARN_OBJC_IMPLICIT_RETAIN_SELF = YES;
				CLANG_WARN_OBJC_LITERAL_CONVERSION = YES;
				CLANG_WARN_OBJC_ROOT_CLASS = YES_ERROR;
				CLANG_WARN_QUOTED_INCLUDE_IN_FRAMEWORK_HEADER = YES;
				CLANG_WARN_RANGE_LOOP_ANALYSIS = YES;
				CLANG_WARN_STRICT_PROTOTYPES = YES;
				CLANG_WARN_SUSPICIOUS_MOVE = YES;
				CLANG_WARN_UNGUARDED_AVAILABILITY = YES_AGGRESSIVE;
				CLANG_WARN_UNREACHABLE_CODE = YES;
				CLANG_WARN__DUPLICATE_METHOD_MATCH = YES;
				COPY_PHASE_STRIP = NO;
				DEBUG_INFORMATION_FORMAT = dwarf;
				ENABLE_STRICT_OBJC_MSGSEND = YES;
				ENABLE_TESTABILITY = YES;
				GCC_C_LANGUAGE_STANDARD = gnu11;
				GCC_DYNAMIC_NO_PIC = NO;
				GCC_NO_COMMON_BLOCKS = YES;
				GCC_OPTIMIZATION_LEVEL = 0;
				GCC_PREPROCESSOR_DEFINITIONS = (
					"DEBUG=1",
					"$(inherited)",
				);
				GCC_WARN_64_TO_32_BIT_CONVERSION = YES;
				GCC_WARN_ABOUT_RETURN_TYPE = YES_ERROR;
				GCC_WARN_UNDECLARED_SELECTOR = YES;
				GCC_WARN_UNINITIALIZED_AUTOS = YES_AGGRESSIVE;
				GCC_WARN_UNUSED_FUNCTION = YES;
				GCC_WARN_UNUSED_VARIABLE = YES;
				IPHONEOS_DEPLOYMENT_TARGET = 15.2;
				MTL_ENABLE_DEBUG_INFO = INCLUDE_SOURCE;
				MTL_FAST_MATH = YES;
				ONLY_ACTIVE_ARCH = YES;
				SDKROOT = iphoneos;
				SWIFT_ACTIVE_COMPILATION_CONDITIONS = DEBUG;
				SWIFT_OPTIMIZATION_LEVEL = "-Onone";
			};
			name = Debug;
		};
		65DE5FD227DB7483001D9F03 /* Release */ = {
			isa = XCBuildConfiguration;
			buildSettings = {
				ALWAYS_SEARCH_USER_PATHS = NO;
				CLANG_ANALYZER_NONNULL = YES;
				CLANG_ANALYZER_NUMBER_OBJECT_CONVERSION = YES_AGGRESSIVE;
				CLANG_CXX_LANGUAGE_STANDARD = "gnu++17";
				CLANG_CXX_LIBRARY = "libc++";
				CLANG_ENABLE_MODULES = YES;
				CLANG_ENABLE_OBJC_ARC = YES;
				CLANG_ENABLE_OBJC_WEAK = YES;
				CLANG_WARN_BLOCK_CAPTURE_AUTORELEASING = YES;
				CLANG_WARN_BOOL_CONVERSION = YES;
				CLANG_WARN_COMMA = YES;
				CLANG_WARN_CONSTANT_CONVERSION = YES;
				CLANG_WARN_DEPRECATED_OBJC_IMPLEMENTATIONS = YES;
				CLANG_WARN_DIRECT_OBJC_ISA_USAGE = YES_ERROR;
				CLANG_WARN_DOCUMENTATION_COMMENTS = YES;
				CLANG_WARN_EMPTY_BODY = YES;
				CLANG_WARN_ENUM_CONVERSION = YES;
				CLANG_WARN_INFINITE_RECURSION = YES;
				CLANG_WARN_INT_CONVERSION = YES;
				CLANG_WARN_NON_LITERAL_NULL_CONVERSION = YES;
				CLANG_WARN_OBJC_IMPLICIT_RETAIN_SELF = YES;
				CLANG_WARN_OBJC_LITERAL_CONVERSION = YES;
				CLANG_WARN_OBJC_ROOT_CLASS = YES_ERROR;
				CLANG_WARN_QUOTED_INCLUDE_IN_FRAMEWORK_HEADER = YES;
				CLANG_WARN_RANGE_LOOP_ANALYSIS = YES;
				CLANG_WARN_STRICT_PROTOTYPES = YES;
				CLANG_WARN_SUSPICIOUS_MOVE = YES;
				CLANG_WARN_UNGUARDED_AVAILABILITY = YES_AGGRESSIVE;
				CLANG_WARN_UNREACHABLE_CODE = YES;
				CLANG_WARN__DUPLICATE_METHOD_MATCH = YES;
				COPY_PHASE_STRIP = NO;
				DEBUG_INFORMATION_FORMAT = "dwarf-with-dsym";
				ENABLE_NS_ASSERTIONS = NO;
				ENABLE_STRICT_OBJC_MSGSEND = YES;
				GCC_C_LANGUAGE_STANDARD = gnu11;
				GCC_NO_COMMON_BLOCKS = YES;
				GCC_WARN_64_TO_32_BIT_CONVERSION = YES;
				GCC_WARN_ABOUT_RETURN_TYPE = YES_ERROR;
				GCC_WARN_UNDECLARED_SELECTOR = YES;
				GCC_WARN_UNINITIALIZED_AUTOS = YES_AGGRESSIVE;
				GCC_WARN_UNUSED_FUNCTION = YES;
				GCC_WARN_UNUSED_VARIABLE = YES;
				IPHONEOS_DEPLOYMENT_TARGET = 15.2;
				MTL_ENABLE_DEBUG_INFO = NO;
				MTL_FAST_MATH = YES;
				SDKROOT = iphoneos;
				SWIFT_COMPILATION_MODE = wholemodule;
				SWIFT_OPTIMIZATION_LEVEL = "-O";
				VALIDATE_PRODUCT = YES;
			};
			name = Release;
		};
		65DE5FD427DB7483001D9F03 /* Debug */ = {
			isa = XCBuildConfiguration;
			buildSettings = {
				ASSETCATALOG_COMPILER_APPICON_NAME = AppIcon;
				ASSETCATALOG_COMPILER_GLOBAL_ACCENT_COLOR_NAME = AccentColor;
				CODE_SIGN_STYLE = Automatic;
				CURRENT_PROJECT_VERSION = 1;
				GENERATE_INFOPLIST_FILE = YES;
				INFOPLIST_FILE = OpenColseList/Info.plist;
				INFOPLIST_KEY_UIApplicationSupportsIndirectInputEvents = YES;
				INFOPLIST_KEY_UILaunchStoryboardName = LaunchScreen;
				INFOPLIST_KEY_UIMainStoryboardFile = Main;
				INFOPLIST_KEY_UISupportedInterfaceOrientations_iPad = "UIInterfaceOrientationPortrait UIInterfaceOrientationPortraitUpsideDown UIInterfaceOrientationLandscapeLeft UIInterfaceOrientationLandscapeRight";
				INFOPLIST_KEY_UISupportedInterfaceOrientations_iPhone = "UIInterfaceOrientationPortrait UIInterfaceOrientationLandscapeLeft UIInterfaceOrientationLandscapeRight";
				LD_RUNPATH_SEARCH_PATHS = (
					"$(inherited)",
					"@executable_path/Frameworks",
				);
				MARKETING_VERSION = 1.0;
				PRODUCT_BUNDLE_IDENTIFIER = com.listDemo.www.OpenColseList;
				PRODUCT_NAME = "$(TARGET_NAME)";
				SWIFT_EMIT_LOC_STRINGS = YES;
				SWIFT_VERSION = 5.0;
				TARGETED_DEVICE_FAMILY = "1,2";
			};
			name = Debug;
		};
		65DE5FD527DB7483001D9F03 /* Release */ = {
			isa = XCBuildConfiguration;
			buildSettings = {
				ASSETCATALOG_COMPILER_APPICON_NAME = AppIcon;
				ASSETCATALOG_COMPILER_GLOBAL_ACCENT_COLOR_NAME = AccentColor;
				CODE_SIGN_STYLE = Automatic;
				CURRENT_PROJECT_VERSION = 1;
				GENERATE_INFOPLIST_FILE = YES;
				INFOPLIST_FILE = OpenColseList/Info.plist;
				INFOPLIST_KEY_UIApplicationSupportsIndirectInputEvents = YES;
				INFOPLIST_KEY_UILaunchStoryboardName = LaunchScreen;
				INFOPLIST_KEY_UIMainStoryboardFile = Main;
				INFOPLIST_KEY_UISupportedInterfaceOrientations_iPad = "UIInterfaceOrientationPortrait UIInterfaceOrientationPortraitUpsideDown UIInterfaceOrientationLandscapeLeft UIInterfaceOrientationLandscapeRight";
				INFOPLIST_KEY_UISupportedInterfaceOrientations_iPhone = "UIInterfaceOrientationPortrait UIInterfaceOrientationLandscapeLeft UIInterfaceOrientationLandscapeRight";
				LD_RUNPATH_SEARCH_PATHS = (
					"$(inherited)",
					"@executable_path/Frameworks",
				);
				MARKETING_VERSION = 1.0;
				PRODUCT_BUNDLE_IDENTIFIER = com.listDemo.www.OpenColseList;
				PRODUCT_NAME = "$(TARGET_NAME)";
				SWIFT_EMIT_LOC_STRINGS = YES;
				SWIFT_VERSION = 5.0;
				TARGETED_DEVICE_FAMILY = "1,2";
			};
			name = Release;
		};
		65DE5FD727DB7483001D9F03 /* Debug */ = {
			isa = XCBuildConfiguration;
			buildSettings = {
				ALWAYS_EMBED_SWIFT_STANDARD_LIBRARIES = YES;
				BUNDLE_LOADER = "$(TEST_HOST)";
				CODE_SIGN_STYLE = Automatic;
				CURRENT_PROJECT_VERSION = 1;
				GENERATE_INFOPLIST_FILE = YES;
				IPHONEOS_DEPLOYMENT_TARGET = 15.2;
				MARKETING_VERSION = 1.0;
				PRODUCT_BUNDLE_IDENTIFIER = com.listDemo.www.OpenColseListTests;
				PRODUCT_NAME = "$(TARGET_NAME)";
				SWIFT_EMIT_LOC_STRINGS = NO;
				SWIFT_VERSION = 5.0;
				TARGETED_DEVICE_FAMILY = "1,2";
				TEST_HOST = "$(BUILT_PRODUCTS_DIR)/OpenColseList.app/OpenColseList";
			};
			name = Debug;
		};
		65DE5FD827DB7483001D9F03 /* Release */ = {
			isa = XCBuildConfiguration;
			buildSettings = {
				ALWAYS_EMBED_SWIFT_STANDARD_LIBRARIES = YES;
				BUNDLE_LOADER = "$(TEST_HOST)";
				CODE_SIGN_STYLE = Automatic;
				CURRENT_PROJECT_VERSION = 1;
				GENERATE_INFOPLIST_FILE = YES;
				IPHONEOS_DEPLOYMENT_TARGET = 15.2;
				MARKETING_VERSION = 1.0;
				PRODUCT_BUNDLE_IDENTIFIER = com.listDemo.www.OpenColseListTests;
				PRODUCT_NAME = "$(TARGET_NAME)";
				SWIFT_EMIT_LOC_STRINGS = NO;
				SWIFT_VERSION = 5.0;
				TARGETED_DEVICE_FAMILY = "1,2";
				TEST_HOST = "$(BUILT_PRODUCTS_DIR)/OpenColseList.app/OpenColseList";
			};
			name = Release;
		};
		65DE5FDA27DB7483001D9F03 /* Debug */ = {
			isa = XCBuildConfiguration;
			buildSettings = {
				ALWAYS_EMBED_SWIFT_STANDARD_LIBRARIES = YES;
				CODE_SIGN_STYLE = Automatic;
				CURRENT_PROJECT_VERSION = 1;
				GENERATE_INFOPLIST_FILE = YES;
				MARKETING_VERSION = 1.0;
				PRODUCT_BUNDLE_IDENTIFIER = com.listDemo.www.OpenColseListUITests;
				PRODUCT_NAME = "$(TARGET_NAME)";
				SWIFT_EMIT_LOC_STRINGS = NO;
				SWIFT_VERSION = 5.0;
				TARGETED_DEVICE_FAMILY = "1,2";
				TEST_TARGET_NAME = OpenColseList;
			};
			name = Debug;
		};
		65DE5FDB27DB7483001D9F03 /* Release */ = {
			isa = XCBuildConfiguration;
			buildSettings = {
				ALWAYS_EMBED_SWIFT_STANDARD_LIBRARIES = YES;
				CODE_SIGN_STYLE = Automatic;
				CURRENT_PROJECT_VERSION = 1;
				GENERATE_INFOPLIST_FILE = YES;
				MARKETING_VERSION = 1.0;
				PRODUCT_BUNDLE_IDENTIFIER = com.listDemo.www.OpenColseListUITests;
				PRODUCT_NAME = "$(TARGET_NAME)";
				SWIFT_EMIT_LOC_STRINGS = NO;
				SWIFT_VERSION = 5.0;
				TARGETED_DEVICE_FAMILY = "1,2";
				TEST_TARGET_NAME = OpenColseList;
			};
			name = Release;
		};
/* End XCBuildConfiguration section */

/* Begin XCConfigurationList section */
		65DE5FA427DB7481001D9F03 /* Build configuration list for PBXProject "OpenColseList" */ = {
			isa = XCConfigurationList;
			buildConfigurations = (
				65DE5FD127DB7483001D9F03 /* Debug */,
				65DE5FD227DB7483001D9F03 /* Release */,
			);
			defaultConfigurationIsVisible = 0;
			defaultConfigurationName = Release;
		};
		65DE5FD327DB7483001D9F03 /* Build configuration list for PBXNativeTarget "OpenColseList" */ = {
			isa = XCConfigurationList;
			buildConfigurations = (
				65DE5FD427DB7483001D9F03 /* Debug */,
				65DE5FD527DB7483001D9F03 /* Release */,
			);
			defaultConfigurationIsVisible = 0;
			defaultConfigurationName = Release;
		};
		65DE5FD627DB7483001D9F03 /* Build configuration list for PBXNativeTarget "OpenColseListTests" */ = {
			isa = XCConfigurationList;
			buildConfigurations = (
				65DE5FD727DB7483001D9F03 /* Debug */,
				65DE5FD827DB7483001D9F03 /* Release */,
			);
			defaultConfigurationIsVisible = 0;
			defaultConfigurationName = Release;
		};
		65DE5FD927DB7483001D9F03 /* Build configuration list for PBXNativeTarget "OpenColseListUITests" */ = {
			isa = XCConfigurationList;
			buildConfigurations = (
				65DE5FDA27DB7483001D9F03 /* Debug */,
				65DE5FDB27DB7483001D9F03 /* Release */,
			);
			defaultConfigurationIsVisible = 0;
			defaultConfigurationName = Release;
		};
/* End XCConfigurationList section */
	};
	rootObject = 65DE5FA127DB7481001D9F03 /* Project object */;
}
